
Microsoft Visual Studio Solution File, Format Version 12.00
# Visual Studio Version 16
VisualStudioVersion = 16.0.30611.23
MinimumVisualStudioVersion = 10.0.40219.1
Project("{FAE04EC0-301F-11D3-BF4B-00C04F79EFBC}") = "DOHPayroll", "DOHPayroll\DOHPayroll.csproj", "{D25EC077-F846-48D7-A443-F89543E1CC9D}"
EndProject
Global
	GlobalSection(SolutionConfigurationPlatforms) = preSolution
		Debug|Any CPU = Debug|Any CPU
		Release|Any CPU = Release|Any CPU
	EndGlobalSection
	GlobalSection(ProjectConfigurationPlatforms) = postSolution
		{D25EC077-F846-48D7-A443-F89543E1CC9D}.Debug|Any CPU.ActiveCfg = Debug|Any CPU
		{D25EC077-F846-48D7-A443-F89543E1CC9D}.Debug|Any CPU.Build.0 = Debug|Any CPU
		{D25EC077-F846-48D7-A443-F89543E1CC9D}.Release|Any CPU.ActiveCfg = Release|Any CPU
		{D25EC077-F846-48D7-A443-F89543E1CC9D}.Release|Any CPU.Build.0 = Release|Any CPU
	EndGlobalSection
	GlobalSection(SolutionProperties) = preSolution
		HideSolutionNode = FALSE
	EndGlobalSection
	GlobalSection(ExtensibilityGlobals) = postSolution
		SolutionGuid = {A05B34D2-26DE-45CF-BDD2-81B8215466CB}
	EndGlobalSection
EndGlobal
